
Microsoft Visual Studio Solution File, Format Version 12.00
# Visual Studio 15
VisualStudioVersion = 15.0.33801.198
MinimumVisualStudioVersion = 10.0.40219.1
Project("{FAE04EC0-301F-11D3-BF4B-00C04F79EFBC}") = "WpfSocket", "WpfSocket\WpfSocket.csproj", "{12927227-A499-431D-9FCC-73B4290A8324}"
EndProject
Global
	GlobalSection(SolutionConfigurationPlatforms) = preSolution
		Debug|Any CPU = Debug|Any CPU
		Release|Any CPU = Release|Any CPU
	EndGlobalSection
	GlobalSection(ProjectConfigurationPlatforms) = postSolution
		{12927227-A499-431D-9FCC-73B4290A8324}.Debug|Any CPU.ActiveCfg = Debug|Any CPU
		{12927227-A499-431D-9FCC-73B4290A8324}.Debug|Any CPU.Build.0 = Debug|Any CPU
		{12927227-A499-431D-9FCC-73B4290A8324}.Release|Any CPU.ActiveCfg = Release|Any CPU
		{12927227-A499-431D-9FCC-73B4290A8324}.Release|Any CPU.Build.0 = Release|Any CPU
	EndGlobalSection
	GlobalSection(SolutionProperties) = preSolution
		HideSolutionNode = FALSE
	EndGlobalSection
	GlobalSection(ExtensibilityGlobals) = postSolution
		SolutionGuid = {AD8B5983-6B49-4ADC-9E8A-C6C70CA4E005}
	EndGlobalSection
EndGlobal
